// !$*UTF8*$!
{
	archiveVersion = 1;
	classes = {
	};
	objectVersion = 56;
	objects = {

/* Begin PBXBuildFile section */
		DE271F802AEA56350073251A /* SwiftUIIntrospect in Frameworks */ = {isa = PBXBuildFile; productRef = DE271F7F2AEA56350073251A /* SwiftUIIntrospect */; };
		DE6EB9AF2AEA4E3400F10C90 /* WatchOSIntrospectApp.swift in Sources */ = {isa = PBXBuildFile; fileRef = DE6EB9AE2AEA4E3400F10C90 /* WatchOSIntrospectApp.swift */; };
		DE6EB9B12AEA4E3400F10C90 /* ContentView.swift in Sources */ = {isa = PBXBuildFile; fileRef = DE6EB9B02AEA4E3400F10C90 /* ContentView.swift */; };
		DE6EB9B32AEA4E3500F10C90 /* Assets.xcassets in Resources */ = {isa = PBXBuildFile; fileRef = DE6EB9B22AEA4E3500F10C90 /* Assets.xcassets */; };
		DE6EB9B62AEA4E3500F10C90 /* Preview Assets.xcassets in Resources */ = {isa = PBXBuildFile; fileRef = DE6EB9B52AEA4E3500F10C90 /* Preview Assets.xcassets */; };
		DE6EB9BC2AEA4E3500F10C90 /* WatchOSIntrospect Watch App.app in Embed Watch Content */ = {isa = PBXBuildFile; fileRef = DE6EB9BB2AEA4E3500F10C90 /* WatchOSIntrospect Watch App.app */; settings = {ATTRIBUTES = (RemoveHeadersOnCopy, ); }; };
		DE6EB9C12AEA4E3500F10C90 /* WatchOSIntrospectApp.swift in Sources */ = {isa = PBXBuildFile; fileRef = DE6EB9C02AEA4E3500F10C90 /* WatchOSIntrospectApp.swift */; };
		DE6EB9C32AEA4E3500F10C90 /* ContentView.swift in Sources */ = {isa = PBXBuildFile; fileRef = DE6EB9C22AEA4E3500F10C90 /* ContentView.swift */; };
		DE6EB9C52AEA4E3600F10C90 /* Assets.xcassets in Resources */ = {isa = PBXBuildFile; fileRef = DE6EB9C42AEA4E3600F10C90 /* Assets.xcassets */; };
		DE6EB9C82AEA4E3600F10C90 /* Preview Assets.xcassets in Resources */ = {isa = PBXBuildFile; fileRef = DE6EB9C72AEA4E3600F10C90 /* Preview Assets.xcassets */; };
/* End PBXBuildFile section */

/* Begin PBXContainerItemProxy section */
		DE6EB9BD2AEA4E3500F10C90 /* PBXContainerItemProxy */ = {
			isa = PBXContainerItemProxy;
			containerPortal = DE6EB9A32AEA4E3400F10C90 /* Project object */;
			proxyType = 1;
			remoteGlobalIDString = DE6EB9BA2AEA4E3500F10C90;
			remoteInfo = "WatchOSIntrospect Watch App";
		};
/* End PBXContainerItemProxy section */

/* Begin PBXCopyFilesBuildPhase section */
		DE6EB9CE2AEA4E3600F10C90 /* Embed Watch Content */ = {
			isa = PBXCopyFilesBuildPhase;
			buildActionMask = 2147483647;
			dstPath = "$(CONTENTS_FOLDER_PATH)/Watch";
			dstSubfolderSpec = 16;
			files = (
				DE6EB9BC2AEA4E3500F10C90 /* WatchOSIntrospect Watch App.app in Embed Watch Content */,
			);
			name = "Embed Watch Content";
			runOnlyForDeploymentPostprocessing = 0;
		};
/* End PBXCopyFilesBuildPhase section */

/* Begin PBXFileReference section */
		DE6EB9AB2AEA4E3400F10C90 /* WatchOSIntrospect.app */ = {isa = PBXFileReference; explicitFileType = wrapper.application; includeInIndex = 0; path = WatchOSIntrospect.app; sourceTree = BUILT_PRODUCTS_DIR; };
		DE6EB9AE2AEA4E3400F10C90 /* WatchOSIntrospectApp.swift */ = {isa = PBXFileReference; lastKnownFileType = sourcecode.swift; path = WatchOSIntrospectApp.swift; sourceTree = "<group>"; };
		DE6EB9B02AEA4E3400F10C90 /* ContentView.swift */ = {isa = PBXFileReference; lastKnownFileType = sourcecode.swift; path = ContentView.swift; sourceTree = "<group>"; };
		DE6EB9B22AEA4E3500F10C90 /* Assets.xcassets */ = {isa = PBXFileReference; lastKnownFileType = folder.assetcatalog; path = Assets.xcassets; sourceTree = "<group>"; };
		DE6EB9B52AEA4E3500F10C90 /* Preview Assets.xcassets */ = {isa = PBXFileReference; lastKnownFileType = folder.assetcatalog; path = "Preview Assets.xcassets"; sourceTree = "<group>"; };
		DE6EB9BB2AEA4E3500F10C90 /* WatchOSIntrospect Watch App.app */ = {isa = PBXFileReference; explicitFileType = wrapper.application; includeInIndex = 0; path = "WatchOSIntrospect Watch App.app"; sourceTree = BUILT_PRODUCTS_DIR; };
		DE6EB9C02AEA4E3500F10C90 /* WatchOSIntrospectApp.swift */ = {isa = PBXFileReference; lastKnownFileType = sourcecode.swift; path = WatchOSIntrospectApp.swift; sourceTree = "<group>"; };
		DE6EB9C22AEA4E3500F10C90 /* ContentView.swift */ = {isa = PBXFileReference; lastKnownFileType = sourcecode.swift; path = ContentView.swift; sourceTree = "<group>"; };
		DE6EB9C42AEA4E3600F10C90 /* Assets.xcassets */ = {isa = PBXFileReference; lastKnownFileType = folder.assetcatalog; path = Assets.xcassets; sourceTree = "<group>"; };
		DE6EB9C72AEA4E3600F10C90 /* Preview Assets.xcassets */ = {isa = PBXFileReference; lastKnownFileType = folder.assetcatalog; path = "Preview Assets.xcassets"; sourceTree = "<group>"; };
/* End PBXFileReference section */

/* Begin PBXFrameworksBuildPhase section */
		DE6EB9A82AEA4E3400F10C90 /* Frameworks */ = {
			isa = PBXFrameworksBuildPhase;
			buildActionMask = 2147483647;
			files = (
				DE271F802AEA56350073251A /* SwiftUIIntrospect in Frameworks */,
			);
			runOnlyForDeploymentPostprocessing = 0;
		};
		DE6EB9B82AEA4E3500F10C90 /* Frameworks */ = {
			isa = PBXFrameworksBuildPhase;
			buildActionMask = 2147483647;
			files = (
			);
			runOnlyForDeploymentPostprocessing = 0;
		};
/* End PBXFrameworksBuildPhase section */

/* Begin PBXGroup section */
		DE6EB9A22AEA4E3400F10C90 = {
			isa = PBXGroup;
			children = (
				DE6EB9AD2AEA4E3400F10C90 /* WatchOSIntrospect */,
				DE6EB9BF2AEA4E3500F10C90 /* WatchOSIntrospect Watch App */,
				DE6EB9AC2AEA4E3400F10C90 /* Products */,
			);
			sourceTree = "<group>";
		};
		DE6EB9AC2AEA4E3400F10C90 /* Products */ = {
			isa = PBXGroup;
			children = (
				DE6EB9AB2AEA4E3400F10C90 /* WatchOSIntrospect.app */,
				DE6EB9BB2AEA4E3500F10C90 /* WatchOSIntrospect Watch App.app */,
			);
			name = Products;
			sourceTree = "<group>";
		};
		DE6EB9AD2AEA4E3400F10C90 /* WatchOSIntrospect */ = {
			isa = PBXGroup;
			children = (
				DE6EB9AE2AEA4E3400F10C90 /* WatchOSIntrospectApp.swift */,
				DE6EB9B02AEA4E3400F10C90 /* ContentView.swift */,
				DE6EB9B22AEA4E3500F10C90 /* Assets.xcassets */,
				DE6EB9B42AEA4E3500F10C90 /* Preview Content */,
			);
			path = WatchOSIntrospect;
			sourceTree = "<group>";
		};
		DE6EB9B42AEA4E3500F10C90 /* Preview Content */ = {
			isa = PBXGroup;
			children = (
				DE6EB9B52AEA4E3500F10C90 /* Preview Assets.xcassets */,
			);
			path = "Preview Content";
			sourceTree = "<group>";
		};
		DE6EB9BF2AEA4E3500F10C90 /* WatchOSIntrospect Watch App */ = {
			isa = PBXGroup;
			children = (
				DE6EB9C02AEA4E3500F10C90 /* WatchOSIntrospectApp.swift */,
				DE6EB9C22AEA4E3500F10C90 /* ContentView.swift */,
				DE6EB9C42AEA4E3600F10C90 /* Assets.xcassets */,
				DE6EB9C62AEA4E3600F10C90 /* Preview Content */,
			);
			path = "WatchOSIntrospect Watch App";
			sourceTree = "<group>";
		};
		DE6EB9C62AEA4E3600F10C90 /* Preview Content */ = {
			isa = PBXGroup;
			children = (
				DE6EB9C72AEA4E3600F10C90 /* Preview Assets.xcassets */,
			);
			path = "Preview Content";
			sourceTree = "<group>";
		};
/* End PBXGroup section */

/* Begin PBXNativeTarget section */
		DE6EB9AA2AEA4E3400F10C90 /* WatchOSIntrospect */ = {
			isa = PBXNativeTarget;
			buildConfigurationList = DE6EB9CF2AEA4E3600F10C90 /* Build configuration list for PBXNativeTarget "WatchOSIntrospect" */;
			buildPhases = (
				DE6EB9A72AEA4E3400F10C90 /* Sources */,
				DE6EB9A82AEA4E3400F10C90 /* Frameworks */,
				DE6EB9A92AEA4E3400F10C90 /* Resources */,
				DE6EB9CE2AEA4E3600F10C90 /* Embed Watch Content */,
			);
			buildRules = (
			);
			dependencies = (
				DE6EB9BE2AEA4E3500F10C90 /* PBXTargetDependency */,
			);
			name = WatchOSIntrospect;
			packageProductDependencies = (
				DE271F7F2AEA56350073251A /* SwiftUIIntrospect */,
			);
			productName = WatchOSIntrospect;
			productReference = DE6EB9AB2AEA4E3400F10C90 /* WatchOSIntrospect.app */;
			productType = "com.apple.product-type.application";
		};
		DE6EB9BA2AEA4E3500F10C90 /* WatchOSIntrospect Watch App */ = {
			isa = PBXNativeTarget;
			buildConfigurationList = DE6EB9CB2AEA4E3600F10C90 /* Build configuration list for PBXNativeTarget "WatchOSIntrospect Watch App" */;
			buildPhases = (
				DE6EB9B72AEA4E3500F10C90 /* Sources */,
				DE6EB9B82AEA4E3500F10C90 /* Frameworks */,
				DE6EB9B92AEA4E3500F10C90 /* Resources */,
			);
			buildRules = (
			);
			dependencies = (
			);
			name = "WatchOSIntrospect Watch App";
			productName = "WatchOSIntrospect Watch App";
			productReference = DE6EB9BB2AEA4E3500F10C90 /* WatchOSIntrospect Watch App.app */;
			productType = "com.apple.product-type.application";
		};
/* End PBXNativeTarget section */

/* Begin PBXProject section */
		DE6EB9A32AEA4E3400F10C90 /* Project object */ = {
			isa = PBXProject;
			attributes = {
				BuildIndependentTargetsInParallel = 1;
				LastSwiftUpdateCheck = 1500;
				LastUpgradeCheck = 1500;
				TargetAttributes = {
					DE6EB9AA2AEA4E3400F10C90 = {
						CreatedOnToolsVersion = 15.0.1;
					};
					DE6EB9BA2AEA4E3500F10C90 = {
						CreatedOnToolsVersion = 15.0.1;
					};
				};
			};
			buildConfigurationList = DE6EB9A62AEA4E3400F10C90 /* Build configuration list for PBXProject "WatchOSIntrospect" */;
			compatibilityVersion = "Xcode 14.0";
			developmentRegion = en;
			hasScannedForEncodings = 0;
			knownRegions = (
				en,
				Base,
			);
			mainGroup = DE6EB9A22AEA4E3400F10C90;
			packageReferences = (
				DE271F7E2AEA56350073251A /* XCRemoteSwiftPackageReference "swiftui-introspect" */,
			);
			productRefGroup = DE6EB9AC2AEA4E3400F10C90 /* Products */;
			projectDirPath = "";
			projectRoot = "";
			targets = (
				DE6EB9AA2AEA4E3400F10C90 /* WatchOSIntrospect */,
				DE6EB9BA2AEA4E3500F10C90 /* WatchOSIntrospect Watch App */,
			);
		};
/* End PBXProject section */

/* Begin PBXResourcesBuildPhase section */
		DE6EB9A92AEA4E3400F10C90 /* Resources */ = {
			isa = PBXResourcesBuildPhase;
			buildActionMask = 2147483647;
			files = (
				DE6EB9B62AEA4E3500F10C90 /* Preview Assets.xcassets in Resources */,
				DE6EB9B32AEA4E3500F10C90 /* Assets.xcassets in Resources */,
			);
			runOnlyForDeploymentPostprocessing = 0;
		};
		DE6EB9B92AEA4E3500F10C90 /* Resources */ = {
			isa = PBXResourcesBuildPhase;
			buildActionMask = 2147483647;
			files = (
				DE6EB9C82AEA4E3600F10C90 /* Preview Assets.xcassets in Resources */,
				DE6EB9C52AEA4E3600F10C90 /* Assets.xcassets in Resources */,
			);
			runOnlyForDeploymentPostprocessing = 0;
		};
/* End PBXResourcesBuildPhase section */

/* Begin PBXSourcesBuildPhase section */
		DE6EB9A72AEA4E3400F10C90 /* Sources */ = {
			isa = PBXSourcesBuildPhase;
			buildActionMask = 2147483647;
			files = (
				DE6EB9B12AEA4E3400F10C90 /* ContentView.swift in Sources */,
				DE6EB9AF2AEA4E3400F10C90 /* WatchOSIntrospectApp.swift in Sources */,
			);
			runOnlyForDeploymentPostprocessing = 0;
		};
		DE6EB9B72AEA4E3500F10C90 /* Sources */ = {
			isa = PBXSourcesBuildPhase;
			buildActionMask = 2147483647;
			files = (
				DE6EB9C32AEA4E3500F10C90 /* ContentView.swift in Sources */,
				DE6EB9C12AEA4E3500F10C90 /* WatchOSIntrospectApp.swift in Sources */,
			);
			runOnlyForDeploymentPostprocessing = 0;
		};
/* End PBXSourcesBuildPhase section */

/* Begin PBXTargetDependency section */
		DE6EB9BE2AEA4E3500F10C90 /* PBXTargetDependency */ = {
			isa = PBXTargetDependency;
			target = DE6EB9BA2AEA4E3500F10C90 /* WatchOSIntrospect Watch App */;
			targetProxy = DE6EB9BD2AEA4E3500F10C90 /* PBXContainerItemProxy */;
		};
/* End PBXTargetDependency section */

/* Begin XCBuildConfiguration section */
		DE6EB9C92AEA4E3600F10C90 /* Debug */ = {
			isa = XCBuildConfiguration;
			buildSettings = {
				ALWAYS_SEARCH_USER_PATHS = NO;
				ASSETCATALOG_COMPILER_GENERATE_SWIFT_ASSET_SYMBOL_EXTENSIONS = YES;
				CLANG_ANALYZER_NONNULL = YES;
				CLANG_ANALYZER_NUMBER_OBJECT_CONVERSION = YES_AGGRESSIVE;
				CLANG_CXX_LANGUAGE_STANDARD = "gnu++20";
				CLANG_ENABLE_MODULES = YES;
				CLANG_ENABLE_OBJC_ARC = YES;
				CLANG_ENABLE_OBJC_WEAK = YES;
				CLANG_WARN_BLOCK_CAPTURE_AUTORELEASING = YES;
				CLANG_WARN_BOOL_CONVERSION = YES;
				CLANG_WARN_COMMA = YES;
				CLANG_WARN_CONSTANT_CONVERSION = YES;
				CLANG_WARN_DEPRECATED_OBJC_IMPLEMENTATIONS = YES;
				CLANG_WARN_DIRECT_OBJC_ISA_USAGE = YES_ERROR;
				CLANG_WARN_DOCUMENTATION_COMMENTS = YES;
				CLANG_WARN_EMPTY_BODY = YES;
				CLANG_WARN_ENUM_CONVERSION = YES;
				CLANG_WARN_INFINITE_RECURSION = YES;
				CLANG_WARN_INT_CONVERSION = YES;
				CLANG_WARN_NON_LITERAL_NULL_CONVERSION = YES;
				CLANG_WARN_OBJC_IMPLICIT_RETAIN_SELF = YES;
				CLANG_WARN_OBJC_LITERAL_CONVERSION = YES;
				CLANG_WARN_OBJC_ROOT_CLASS = YES_ERROR;
				CLANG_WARN_QUOTED_INCLUDE_IN_FRAMEWORK_HEADER = YES;
				CLANG_WARN_RANGE_LOOP_ANALYSIS = YES;
				CLANG_WARN_STRICT_PROTOTYPES = YES;
				CLANG_WARN_SUSPICIOUS_MOVE = YES;
				CLANG_WARN_UNGUARDED_AVAILABILITY = YES_AGGRESSIVE;
				CLANG_WARN_UNREACHABLE_CODE = YES;
				CLANG_WARN__DUPLICATE_METHOD_MATCH = YES;
				COPY_PHASE_STRIP = NO;
				DEBUG_INFORMATION_FORMAT = dwarf;
				ENABLE_STRICT_OBJC_MSGSEND = YES;
				ENABLE_TESTABILITY = YES;
				ENABLE_USER_SCRIPT_SANDBOXING = YES;
				GCC_C_LANGUAGE_STANDARD = gnu17;
				GCC_DYNAMIC_NO_PIC = NO;
				GCC_NO_COMMON_BLOCKS = YES;
				GCC_OPTIMIZATION_LEVEL = 0;
				GCC_PREPROCESSOR_DEFINITIONS = (
					"DEBUG=1",
					"$(inherited)",
				);
				GCC_WARN_64_TO_32_BIT_CONVERSION = YES;
				GCC_WARN_ABOUT_RETURN_TYPE = YES_ERROR;
				GCC_WARN_UNDECLARED_SELECTOR = YES;
				GCC_WARN_UNINITIALIZED_AUTOS = YES_AGGRESSIVE;
				GCC_WARN_UNUSED_FUNCTION = YES;
				GCC_WARN_UNUSED_VARIABLE = YES;
				IPHONEOS_DEPLOYMENT_TARGET = 14.0;
				LOCALIZATION_PREFERS_STRING_CATALOGS = YES;
				MTL_ENABLE_DEBUG_INFO = INCLUDE_SOURCE;
				MTL_FAST_MATH = YES;
				ONLY_ACTIVE_ARCH = YES;
				SWIFT_ACTIVE_COMPILATION_CONDITIONS = "DEBUG $(inherited)";
				SWIFT_OPTIMIZATION_LEVEL = "-Onone";
				WATCHOS_DEPLOYMENT_TARGET = 7.0;
			};
			name = Debug;
		};
		DE6EB9CA2AEA4E3600F10C90 /* Release */ = {
			isa = XCBuildConfiguration;
			buildSettings = {
				ALWAYS_SEARCH_USER_PATHS = NO;
				ASSETCATALOG_COMPILER_GENERATE_SWIFT_ASSET_SYMBOL_EXTENSIONS = YES;
				CLANG_ANALYZER_NONNULL = YES;
				CLANG_ANALYZER_NUMBER_OBJECT_CONVERSION = YES_AGGRESSIVE;
				CLANG_CXX_LANGUAGE_STANDARD = "gnu++20";
				CLANG_ENABLE_MODULES = YES;
				CLANG_ENABLE_OBJC_ARC = YES;
				CLANG_ENABLE_OBJC_WEAK = YES;
				CLANG_WARN_BLOCK_CAPTURE_AUTORELEASING = YES;
				CLANG_WARN_BOOL_CONVERSION = YES;
				CLANG_WARN_COMMA = YES;
				CLANG_WARN_CONSTANT_CONVERSION = YES;
				CLANG_WARN_DEPRECATED_OBJC_IMPLEMENTATIONS = YES;
				CLANG_WARN_DIRECT_OBJC_ISA_USAGE = YES_ERROR;
				CLANG_WARN_DOCUMENTATION_COMMENTS = YES;
				CLANG_WARN_EMPTY_BODY = YES;
				CLANG_WARN_ENUM_CONVERSION = YES;
				CLANG_WARN_INFINITE_RECURSION = YES;
				CLANG_WARN_INT_CONVERSION = YES;
				CLANG_WARN_NON_LITERAL_NULL_CONVERSION = YES;
				CLANG_WARN_OBJC_IMPLICIT_RETAIN_SELF = YES;
				CLANG_WARN_OBJC_LITERAL_CONVERSION = YES;
				CLANG_WARN_OBJC_ROOT_CLASS = YES_ERROR;
				CLANG_WARN_QUOTED_INCLUDE_IN_FRAMEWORK_HEADER = YES;
				CLANG_WARN_RANGE_LOOP_ANALYSIS = YES;
				CLANG_WARN_STRICT_PROTOTYPES = YES;
				CLANG_WARN_SUSPICIOUS_MOVE = YES;
				CLANG_WARN_UNGUARDED_AVAILABILITY = YES_AGGRESSIVE;
				CLANG_WARN_UNREACHABLE_CODE = YES;
				CLANG_WARN__DUPLICATE_METHOD_MATCH = YES;
				COPY_PHASE_STRIP = NO;
				DEBUG_INFORMATION_FORMAT = "dwarf-with-dsym";
				ENABLE_NS_ASSERTIONS = NO;
				ENABLE_STRICT_OBJC_MSGSEND = YES;
				ENABLE_USER_SCRIPT_SANDBOXING = YES;
				GCC_C_LANGUAGE_STANDARD = gnu17;
				GCC_NO_COMMON_BLOCKS = YES;
				GCC_WARN_64_TO_32_BIT_CONVERSION = YES;
				GCC_WARN_ABOUT_RETURN_TYPE = YES_ERROR;
				GCC_WARN_UNDECLARED_SELECTOR = YES;
				GCC_WARN_UNINITIALIZED_AUTOS = YES_AGGRESSIVE;
				GCC_WARN_UNUSED_FUNCTION = YES;
				GCC_WARN_UNUSED_VARIABLE = YES;
				IPHONEOS_DEPLOYMENT_TARGET = 14.0;
				LOCALIZATION_PREFERS_STRING_CATALOGS = YES;
				MTL_ENABLE_DEBUG_INFO = NO;
				MTL_FAST_MATH = YES;
				SWIFT_COMPILATION_MODE = wholemodule;
				WATCHOS_DEPLOYMENT_TARGET = 7.0;
			};
			name = Release;
		};
		DE6EB9CC2AEA4E3600F10C90 /* Debug */ = {
			isa = XCBuildConfiguration;
			buildSettings = {
				ASSETCATALOG_COMPILER_APPICON_NAME = AppIcon;
				ASSETCATALOG_COMPILER_GLOBAL_ACCENT_COLOR_NAME = AccentColor;
				CODE_SIGN_STYLE = Automatic;
				CURRENT_PROJECT_VERSION = 1;
				DEVELOPMENT_ASSET_PATHS = "\"WatchOSIntrospect Watch App/Preview Content\"";
				DEVELOPMENT_TEAM = "";
				ENABLE_PREVIEWS = YES;
				ENABLE_USER_SCRIPT_SANDBOXING = NO;
				GENERATE_INFOPLIST_FILE = YES;
				INFOPLIST_KEY_CFBundleDisplayName = WatchOSIntrospect;
				INFOPLIST_KEY_UISupportedInterfaceOrientations = "UIInterfaceOrientationPortrait UIInterfaceOrientationPortraitUpsideDown";
				INFOPLIST_KEY_WKCompanionAppBundleIdentifier = "com.test.watchos-introspect";
				LD_RUNPATH_SEARCH_PATHS = (
					"$(inherited)",
					"@executable_path/Frameworks",
				);
				MARKETING_VERSION = 1.0;
				PRODUCT_BUNDLE_IDENTIFIER = "com.test.watchos-introspect.watchkitapp";
				PRODUCT_NAME = "$(TARGET_NAME)";
				SDKROOT = watchos;
				SKIP_INSTALL = YES;
				SWIFT_EMIT_LOC_STRINGS = YES;
				SWIFT_VERSION = 5.0;
				TARGETED_DEVICE_FAMILY = 4;
				WATCHOS_DEPLOYMENT_TARGET = 7.0;
			};
			name = Debug;
		};
		DE6EB9CD2AEA4E3600F10C90 /* Release */ = {
			isa = XCBuildConfiguration;
			buildSettings = {
				ASSETCATALOG_COMPILER_APPICON_NAME = AppIcon;
				ASSETCATALOG_COMPILER_GLOBAL_ACCENT_COLOR_NAME = AccentColor;
				CODE_SIGN_STYLE = Automatic;
				CURRENT_PROJECT_VERSION = 1;
				DEVELOPMENT_ASSET_PATHS = "\"WatchOSIntrospect Watch App/Preview Content\"";
				DEVELOPMENT_TEAM = "";
				ENABLE_PREVIEWS = YES;
				ENABLE_USER_SCRIPT_SANDBOXING = NO;
				GENERATE_INFOPLIST_FILE = YES;
				INFOPLIST_KEY_CFBundleDisplayName = WatchOSIntrospect;
				INFOPLIST_KEY_UISupportedInterfaceOrientations = "UIInterfaceOrientationPortrait UIInterfaceOrientationPortraitUpsideDown";
				INFOPLIST_KEY_WKCompanionAppBundleIdentifier = "com.test.watchos-introspect";
				LD_RUNPATH_SEARCH_PATHS = (
					"$(inherited)",
					"@executable_path/Frameworks",
				);
				MARKETING_VERSION = 1.0;
				PRODUCT_BUNDLE_IDENTIFIER = "com.test.watchos-introspect.watchkitapp";
				PRODUCT_NAME = "$(TARGET_NAME)";
				SDKROOT = watchos;
				SKIP_INSTALL = YES;
				SWIFT_EMIT_LOC_STRINGS = YES;
				SWIFT_VERSION = 5.0;
				TARGETED_DEVICE_FAMILY = 4;
				VALIDATE_PRODUCT = YES;
				WATCHOS_DEPLOYMENT_TARGET = 7.0;
			};
			name = Release;
		};
		DE6EB9D02AEA4E3600F10C90 /* Debug */ = {
			isa = XCBuildConfiguration;
			buildSettings = {
				ALWAYS_EMBED_SWIFT_STANDARD_LIBRARIES = YES;
				ASSETCATALOG_COMPILER_APPICON_NAME = AppIcon;
				ASSETCATALOG_COMPILER_GLOBAL_ACCENT_COLOR_NAME = AccentColor;
				CODE_SIGN_STYLE = Automatic;
				CURRENT_PROJECT_VERSION = 1;
				DEVELOPMENT_ASSET_PATHS = "\"WatchOSIntrospect/Preview Content\"";
				DEVELOPMENT_TEAM = "";
				ENABLE_PREVIEWS = YES;
				ENABLE_USER_SCRIPT_SANDBOXING = NO;
				GENERATE_INFOPLIST_FILE = YES;
				INFOPLIST_KEY_CFBundleDisplayName = "WatchOS Introspect";
				INFOPLIST_KEY_UIApplicationSceneManifest_Generation = YES;
				INFOPLIST_KEY_UIApplicationSupportsIndirectInputEvents = YES;
				INFOPLIST_KEY_UILaunchScreen_Generation = YES;
				INFOPLIST_KEY_UISupportedInterfaceOrientations_iPad = "UIInterfaceOrientationPortrait UIInterfaceOrientationPortraitUpsideDown UIInterfaceOrientationLandscapeLeft UIInterfaceOrientationLandscapeRight";
				INFOPLIST_KEY_UISupportedInterfaceOrientations_iPhone = "UIInterfaceOrientationPortrait UIInterfaceOrientationLandscapeLeft UIInterfaceOrientationLandscapeRight";
				IPHONEOS_DEPLOYMENT_TARGET = 14.0;
				LD_RUNPATH_SEARCH_PATHS = (
					"$(inherited)",
					"@executable_path/Frameworks",
				);
				MARKETING_VERSION = 1.0;
				PRODUCT_BUNDLE_IDENTIFIER = "com.test.watchos-introspect";
				PRODUCT_NAME = "$(TARGET_NAME)";
				SDKROOT = iphoneos;
				SWIFT_EMIT_LOC_STRINGS = YES;
				SWIFT_VERSION = 5.0;
				TARGETED_DEVICE_FAMILY = "1,2";
			};
			name = Debug;
		};
		DE6EB9D12AEA4E3600F10C90 /* Release */ = {
			isa = XCBuildConfiguration;
			buildSettings = {
				ALWAYS_EMBED_SWIFT_STANDARD_LIBRARIES = YES;
				ASSETCATALOG_COMPILER_APPICON_NAME = AppIcon;
				ASSETCATALOG_COMPILER_GLOBAL_ACCENT_COLOR_NAME = AccentColor;
				CODE_SIGN_STYLE = Automatic;
				CURRENT_PROJECT_VERSION = 1;
				DEVELOPMENT_ASSET_PATHS = "\"WatchOSIntrospect/Preview Content\"";
				DEVELOPMENT_TEAM = "";
				ENABLE_PREVIEWS = YES;
				ENABLE_USER_SCRIPT_SANDBOXING = NO;
				GENERATE_INFOPLIST_FILE = YES;
				INFOPLIST_KEY_CFBundleDisplayName = "WatchOS Introspect";
				INFOPLIST_KEY_UIApplicationSceneManifest_Generation = YES;
				INFOPLIST_KEY_UIApplicationSupportsIndirectInputEvents = YES;
				INFOPLIST_KEY_UILaunchScreen_Generation = YES;
				INFOPLIST_KEY_UISupportedInterfaceOrientations_iPad = "UIInterfaceOrientationPortrait UIInterfaceOrientationPortraitUpsideDown UIInterfaceOrientationLandscapeLeft UIInterfaceOrientationLandscapeRight";
				INFOPLIST_KEY_UISupportedInterfaceOrientations_iPhone = "UIInterfaceOrientationPortrait UIInterfaceOrientationLandscapeLeft UIInterfaceOrientationLandscapeRight";
				IPHONEOS_DEPLOYMENT_TARGET = 14.0;
				LD_RUNPATH_SEARCH_PATHS = (
					"$(inherited)",
					"@executable_path/Frameworks",
				);
				MARKETING_VERSION = 1.0;
				PRODUCT_BUNDLE_IDENTIFIER = "com.test.watchos-introspect";
				PRODUCT_NAME = "$(TARGET_NAME)";
				SDKROOT = iphoneos;
				SWIFT_EMIT_LOC_STRINGS = YES;
				SWIFT_VERSION = 5.0;
				TARGETED_DEVICE_FAMILY = "1,2";
				VALIDATE_PRODUCT = YES;
			};
			name = Release;
		};
/* End XCBuildConfiguration section */

/* Begin XCConfigurationList section */
		DE6EB9A62AEA4E3400F10C90 /* Build configuration list for PBXProject "WatchOSIntrospect" */ = {
			isa = XCConfigurationList;
			buildConfigurations = (
				DE6EB9C92AEA4E3600F10C90 /* Debug */,
				DE6EB9CA2AEA4E3600F10C90 /* Release */,
			);
			defaultConfigurationIsVisible = 0;
			defaultConfigurationName = Release;
		};
		DE6EB9CB2AEA4E3600F10C90 /* Build configuration list for PBXNativeTarget "WatchOSIntrospect Watch App" */ = {
			isa = XCConfigurationList;
			buildConfigurations = (
				DE6EB9CC2AEA4E3600F10C90 /* Debug */,
				DE6EB9CD2AEA4E3600F10C90 /* Release */,
			);
			defaultConfigurationIsVisible = 0;
			defaultConfigurationName = Release;
		};
		DE6EB9CF2AEA4E3600F10C90 /* Build configuration list for PBXNativeTarget "WatchOSIntrospect" */ = {
			isa = XCConfigurationList;
			buildConfigurations = (
				DE6EB9D02AEA4E3600F10C90 /* Debug */,
				DE6EB9D12AEA4E3600F10C90 /* Release */,
			);
			defaultConfigurationIsVisible = 0;
			defaultConfigurationName = Release;
		};
/* End XCConfigurationList section */

/* Begin XCRemoteSwiftPackageReference section */
		DE271F7E2AEA56350073251A /* XCRemoteSwiftPackageReference "swiftui-introspect" */ = {
			isa = XCRemoteSwiftPackageReference;
			repositoryURL = "https://github.com/sergeirr/swiftui-introspect";
			requirement = {
				branch = "fix-watch-os-preview-build";
				kind = branch;
			};
		};
/* End XCRemoteSwiftPackageReference section */

/* Begin XCSwiftPackageProductDependency section */
		DE271F7F2AEA56350073251A /* SwiftUIIntrospect */ = {
			isa = XCSwiftPackageProductDependency;
			package = DE271F7E2AEA56350073251A /* XCRemoteSwiftPackageReference "swiftui-introspect" */;
			productName = SwiftUIIntrospect;
		};
/* End XCSwiftPackageProductDependency section */
	};
	rootObject = DE6EB9A32AEA4E3400F10C90 /* Project object */;
}
